
Microsoft Visual Studio Solution File, Format Version 12.00
# Visual Studio Version 17
VisualStudioVersion = 17.5.33627.172
MinimumVisualStudioVersion = 10.0.40219.1
Project("{FAE04EC0-301F-11D3-BF4B-00C04F79EFBC}") = "EPC.API", "EPC.API\EPC.API.csproj", "{0D63E519-91FA-4429-BD19-D34C28722E25}"
EndProject
Project("{FAE04EC0-301F-11D3-BF4B-00C04F79EFBC}") = "EPC.Model", "EPC.Model\EPC.Model.csproj", "{C91E676F-D559-4E23-A9E0-6B013ECD7210}"
EndProject
Global
	GlobalSection(SolutionConfigurationPlatforms) = preSolution
		Debug|Any CPU = Debug|Any CPU
		Release|Any CPU = Release|Any CPU
	EndGlobalSection
	GlobalSection(ProjectConfigurationPlatforms) = postSolution
		{0D63E519-91FA-4429-BD19-D34C28722E25}.Debug|Any CPU.ActiveCfg = Debug|Any CPU
		{0D63E519-91FA-4429-BD19-D34C28722E25}.Debug|Any CPU.Build.0 = Debug|Any CPU
		{0D63E519-91FA-4429-BD19-D34C28722E25}.Release|Any CPU.ActiveCfg = Release|Any CPU
		{0D63E519-91FA-4429-BD19-D34C28722E25}.Release|Any CPU.Build.0 = Release|Any CPU
		{C91E676F-D559-4E23-A9E0-6B013ECD7210}.Debug|Any CPU.ActiveCfg = Debug|Any CPU
		{C91E676F-D559-4E23-A9E0-6B013ECD7210}.Debug|Any CPU.Build.0 = Debug|Any CPU
		{C91E676F-D559-4E23-A9E0-6B013ECD7210}.Release|Any CPU.ActiveCfg = Release|Any CPU
		{C91E676F-D559-4E23-A9E0-6B013ECD7210}.Release|Any CPU.Build.0 = Release|Any CPU
	EndGlobalSection
	GlobalSection(SolutionProperties) = preSolution
		HideSolutionNode = FALSE
	EndGlobalSection
	GlobalSection(ExtensibilityGlobals) = postSolution
		SolutionGuid = {7FECFB1C-367C-482B-A781-714B7C13DCD3}
	EndGlobalSection
EndGlobal
